
Microsoft Visual Studio Solution File, Format Version 12.00
# Visual Studio Version 16
VisualStudioVersion = 16.0.30711.63
MinimumVisualStudioVersion = 10.0.40219.1
Project("{FAE04EC0-301F-11D3-BF4B-00C04F79EFBC}") = "Stalker", "Stalker.csproj", "{B7527A8C-7BEB-41BF-95D7-A19486C6396B}"
EndProject
Global
	GlobalSection(SolutionConfigurationPlatforms) = preSolution
		Debug|Any CPU = Debug|Any CPU
		Release|Any CPU = Release|Any CPU
	EndGlobalSection
	GlobalSection(ProjectConfigurationPlatforms) = postSolution
		{B7527A8C-7BEB-41BF-95D7-A19486C6396B}.Debug|Any CPU.ActiveCfg = Debug|Any CPU
		{B7527A8C-7BEB-41BF-95D7-A19486C6396B}.Debug|Any CPU.Build.0 = Debug|Any CPU
		{B7527A8C-7BEB-41BF-95D7-A19486C6396B}.Release|Any CPU.ActiveCfg = Release|Any CPU
		{B7527A8C-7BEB-41BF-95D7-A19486C6396B}.Release|Any CPU.Build.0 = Release|Any CPU
	EndGlobalSection
	GlobalSection(SolutionProperties) = preSolution
		HideSolutionNode = FALSE
	EndGlobalSection
	GlobalSection(ExtensibilityGlobals) = postSolution
		SolutionGuid = {0999D038-A793-4C7A-ADA6-E8117A3E6C56}
	EndGlobalSection
EndGlobal
